
Microsoft Visual Studio Solution File, Format Version 11.00
# Visual Studio 2010
Project("{FAE04EC0-301F-11D3-BF4B-00C04F79EFBC}") = "CentralTaxi", "CentralTaxi\CentralTaxi.csproj", "{0EB777B4-3710-4F30-B618-5A019FEEC81E}"
EndProject
Project("{FAE04EC0-301F-11D3-BF4B-00C04F79EFBC}") = "BibliotecaTaxi", "BibliotecaTaxi\BibliotecaTaxi.csproj", "{9640721F-5F6D-4432-989A-59A4F1CBC835}"
EndProject
Global
	GlobalSection(SolutionConfigurationPlatforms) = preSolution
		Debug|Any CPU = Debug|Any CPU
		Release|Any CPU = Release|Any CPU
	EndGlobalSection
	GlobalSection(ProjectConfigurationPlatforms) = postSolution
		{0EB777B4-3710-4F30-B618-5A019FEEC81E}.Debug|Any CPU.ActiveCfg = Debug|Any CPU
		{0EB777B4-3710-4F30-B618-5A019FEEC81E}.Debug|Any CPU.Build.0 = Debug|Any CPU
		{0EB777B4-3710-4F30-B618-5A019FEEC81E}.Release|Any CPU.ActiveCfg = Release|Any CPU
		{0EB777B4-3710-4F30-B618-5A019FEEC81E}.Release|Any CPU.Build.0 = Release|Any CPU
		{9640721F-5F6D-4432-989A-59A4F1CBC835}.Debug|Any CPU.ActiveCfg = Debug|Any CPU
		{9640721F-5F6D-4432-989A-59A4F1CBC835}.Debug|Any CPU.Build.0 = Debug|Any CPU
		{9640721F-5F6D-4432-989A-59A4F1CBC835}.Release|Any CPU.ActiveCfg = Release|Any CPU
		{9640721F-5F6D-4432-989A-59A4F1CBC835}.Release|Any CPU.Build.0 = Release|Any CPU
	EndGlobalSection
	GlobalSection(SolutionProperties) = preSolution
		HideSolutionNode = FALSE
	EndGlobalSection
EndGlobal
